
Microsoft Visual Studio Solution File, Format Version 12.00
# Visual Studio Version 18
VisualStudioVersion = 18.6.11806.211 stable
MinimumVisualStudioVersion = 10.0.40219.1
Project("{FAE04EC0-301F-11D3-BF4B-00C04F79EFBC}") = "ProkatTransporta", "ProkatTransporta\ProkatTransporta.csproj", "{677C2575-1F88-46BC-A26E-37B4C75776A7}"
EndProject
Project("{FAE04EC0-301F-11D3-BF4B-00C04F79EFBC}") = "ProkatTransporta_Server", "ProkatTransporta_Server\ProkatTransporta_Server.csproj", "{6B8681A6-F456-4F54-B6ED-02E87A867BAB}"
EndProject
Project("{FAE04EC0-301F-11D3-BF4B-00C04F79EFBC}") = "ProkatTransporta_Tests", "ProkatTransporta_Tests\ProkatTransporta_Tests.csproj", "{76917BAE-93F2-4FEA-8FE0-D26326367E5B}"
EndProject
Global
	GlobalSection(SolutionConfigurationPlatforms) = preSolution
		Debug|Any CPU = Debug|Any CPU
		Release|Any CPU = Release|Any CPU
	EndGlobalSection
	GlobalSection(ProjectConfigurationPlatforms) = postSolution
		{677C2575-1F88-46BC-A26E-37B4C75776A7}.Debug|Any CPU.ActiveCfg = Debug|Any CPU
		{677C2575-1F88-46BC-A26E-37B4C75776A7}.Debug|Any CPU.Build.0 = Debug|Any CPU
		{677C2575-1F88-46BC-A26E-37B4C75776A7}.Release|Any CPU.ActiveCfg = Release|Any CPU
		{677C2575-1F88-46BC-A26E-37B4C75776A7}.Release|Any CPU.Build.0 = Release|Any CPU
		{6B8681A6-F456-4F54-B6ED-02E87A867BAB}.Debug|Any CPU.ActiveCfg = Debug|Any CPU
		{6B8681A6-F456-4F54-B6ED-02E87A867BAB}.Debug|Any CPU.Build.0 = Debug|Any CPU
		{6B8681A6-F456-4F54-B6ED-02E87A867BAB}.Release|Any CPU.ActiveCfg = Release|Any CPU
		{6B8681A6-F456-4F54-B6ED-02E87A867BAB}.Release|Any CPU.Build.0 = Release|Any CPU
		{76917BAE-93F2-4FEA-8FE0-D26326367E5B}.Debug|Any CPU.ActiveCfg = Debug|Any CPU
		{76917BAE-93F2-4FEA-8FE0-D26326367E5B}.Debug|Any CPU.Build.0 = Debug|Any CPU
		{76917BAE-93F2-4FEA-8FE0-D26326367E5B}.Release|Any CPU.ActiveCfg = Release|Any CPU
		{76917BAE-93F2-4FEA-8FE0-D26326367E5B}.Release|Any CPU.Build.0 = Release|Any CPU
	EndGlobalSection
	GlobalSection(SolutionProperties) = preSolution
		HideSolutionNode = FALSE
	EndGlobalSection
	GlobalSection(ExtensibilityGlobals) = postSolution
		SolutionGuid = {DF160EAF-A986-4645-B5AB-E753AEAC447E}
	EndGlobalSection
EndGlobal
